
Microsoft Visual Studio Solution File, Format Version 12.00
# Visual Studio Version 16
VisualStudioVersion = 16.0.32126.315
MinimumVisualStudioVersion = 10.0.40219.1
Project("{9A19103F-16F7-4668-BE54-9A1E7A4F7556}") = "GreeterClient", "GreeterClient\GreeterClient.csproj", "{9025A607-349C-4683-9C19-727C91F1B995}"
EndProject
Project("{8BC9CEB8-8B4A-11D0-8D11-00A0C91BC942}") = "CppMain", "CppMain\CppMain.vcxproj", "{84432FA4-1503-47A9-93CE-260E860CF6BA}"
EndProject
Project("{8BC9CEB8-8B4A-11D0-8D11-00A0C91BC942}") = "CppService", "CppService\CppService.vcxproj", "{42994809-45D6-4A9A-A042-34EF70E09FE4}"
EndProject
Project("{FAE04EC0-301F-11D3-BF4B-00C04F79EFBC}") = "GreeterServer", "GreeterServer\GreeterServer.csproj", "{FDC4EA8F-FA9A-49DE-8052-8CDB93A2BF5D}"
EndProject
Global
	GlobalSection(SolutionConfigurationPlatforms) = preSolution
		Debug|Any CPU = Debug|Any CPU
		Debug|x64 = Debug|x64
		Debug|x86 = Debug|x86
		Release|Any CPU = Release|Any CPU
		Release|x64 = Release|x64
		Release|x86 = Release|x86
	EndGlobalSection
	GlobalSection(ProjectConfigurationPlatforms) = postSolution
		{9025A607-349C-4683-9C19-727C91F1B995}.Debug|Any CPU.ActiveCfg = Debug|Any CPU
		{9025A607-349C-4683-9C19-727C91F1B995}.Debug|Any CPU.Build.0 = Debug|Any CPU
		{9025A607-349C-4683-9C19-727C91F1B995}.Debug|x64.ActiveCfg = Debug|Any CPU
		{9025A607-349C-4683-9C19-727C91F1B995}.Debug|x64.Build.0 = Debug|Any CPU
		{9025A607-349C-4683-9C19-727C91F1B995}.Debug|x86.ActiveCfg = Debug|Any CPU
		{9025A607-349C-4683-9C19-727C91F1B995}.Debug|x86.Build.0 = Debug|Any CPU
		{9025A607-349C-4683-9C19-727C91F1B995}.Release|Any CPU.ActiveCfg = Release|Any CPU
		{9025A607-349C-4683-9C19-727C91F1B995}.Release|Any CPU.Build.0 = Release|Any CPU
		{9025A607-349C-4683-9C19-727C91F1B995}.Release|x64.ActiveCfg = Release|Any CPU
		{9025A607-349C-4683-9C19-727C91F1B995}.Release|x64.Build.0 = Release|Any CPU
		{9025A607-349C-4683-9C19-727C91F1B995}.Release|x86.ActiveCfg = Release|Any CPU
		{9025A607-349C-4683-9C19-727C91F1B995}.Release|x86.Build.0 = Release|Any CPU
		{84432FA4-1503-47A9-93CE-260E860CF6BA}.Debug|Any CPU.ActiveCfg = Debug|Win32
		{84432FA4-1503-47A9-93CE-260E860CF6BA}.Debug|x64.ActiveCfg = Debug|x64
		{84432FA4-1503-47A9-93CE-260E860CF6BA}.Debug|x64.Build.0 = Debug|x64
		{84432FA4-1503-47A9-93CE-260E860CF6BA}.Debug|x86.ActiveCfg = Debug|Win32
		{84432FA4-1503-47A9-93CE-260E860CF6BA}.Debug|x86.Build.0 = Debug|Win32
		{84432FA4-1503-47A9-93CE-260E860CF6BA}.Release|Any CPU.ActiveCfg = Release|Win32
		{84432FA4-1503-47A9-93CE-260E860CF6BA}.Release|x64.ActiveCfg = Release|x64
		{84432FA4-1503-47A9-93CE-260E860CF6BA}.Release|x64.Build.0 = Release|x64
		{84432FA4-1503-47A9-93CE-260E860CF6BA}.Release|x86.ActiveCfg = Release|Win32
		{84432FA4-1503-47A9-93CE-260E860CF6BA}.Release|x86.Build.0 = Release|Win32
		{42994809-45D6-4A9A-A042-34EF70E09FE4}.Debug|Any CPU.ActiveCfg = Debug|Win32
		{42994809-45D6-4A9A-A042-34EF70E09FE4}.Debug|x64.ActiveCfg = Debug|x64
		{42994809-45D6-4A9A-A042-34EF70E09FE4}.Debug|x64.Build.0 = Debug|x64
		{42994809-45D6-4A9A-A042-34EF70E09FE4}.Debug|x86.ActiveCfg = Debug|Win32
		{42994809-45D6-4A9A-A042-34EF70E09FE4}.Debug|x86.Build.0 = Debug|Win32
		{42994809-45D6-4A9A-A042-34EF70E09FE4}.Release|Any CPU.ActiveCfg = Release|Win32
		{42994809-45D6-4A9A-A042-34EF70E09FE4}.Release|x64.ActiveCfg = Release|x64
		{42994809-45D6-4A9A-A042-34EF70E09FE4}.Release|x64.Build.0 = Release|x64
		{42994809-45D6-4A9A-A042-34EF70E09FE4}.Release|x86.ActiveCfg = Release|Win32
		{42994809-45D6-4A9A-A042-34EF70E09FE4}.Release|x86.Build.0 = Release|Win32
		{FDC4EA8F-FA9A-49DE-8052-8CDB93A2BF5D}.Debug|Any CPU.ActiveCfg = Debug|Any CPU
		{FDC4EA8F-FA9A-49DE-8052-8CDB93A2BF5D}.Debug|Any CPU.Build.0 = Debug|Any CPU
		{FDC4EA8F-FA9A-49DE-8052-8CDB93A2BF5D}.Debug|x64.ActiveCfg = Debug|Any CPU
		{FDC4EA8F-FA9A-49DE-8052-8CDB93A2BF5D}.Debug|x64.Build.0 = Debug|Any CPU
		{FDC4EA8F-FA9A-49DE-8052-8CDB93A2BF5D}.Debug|x86.ActiveCfg = Debug|Any CPU
		{FDC4EA8F-FA9A-49DE-8052-8CDB93A2BF5D}.Debug|x86.Build.0 = Debug|Any CPU
		{FDC4EA8F-FA9A-49DE-8052-8CDB93A2BF5D}.Release|Any CPU.ActiveCfg = Release|Any CPU
		{FDC4EA8F-FA9A-49DE-8052-8CDB93A2BF5D}.Release|Any CPU.Build.0 = Release|Any CPU
		{FDC4EA8F-FA9A-49DE-8052-8CDB93A2BF5D}.Release|x64.ActiveCfg = Release|Any CPU
		{FDC4EA8F-FA9A-49DE-8052-8CDB93A2BF5D}.Release|x64.Build.0 = Release|Any CPU
		{FDC4EA8F-FA9A-49DE-8052-8CDB93A2BF5D}.Release|x86.ActiveCfg = Release|Any CPU
		{FDC4EA8F-FA9A-49DE-8052-8CDB93A2BF5D}.Release|x86.Build.0 = Release|Any CPU
	EndGlobalSection
	GlobalSection(SolutionProperties) = preSolution
		HideSolutionNode = FALSE
	EndGlobalSection
	GlobalSection(ExtensibilityGlobals) = postSolution
		SolutionGuid = {1FD8539F-93F4-4D1B-AE0D-63BD5A26704A}
	EndGlobalSection
EndGlobal
