
Microsoft Visual Studio Solution File, Format Version 12.00
# Visual Studio Version 17
VisualStudioVersion = 17.4.33110.190
MinimumVisualStudioVersion = 10.0.40219.1
Project("{FAE04EC0-301F-11D3-BF4B-00C04F79EFBC}") = "WebApplication1", "WebApplication1\WebApplication1.csproj", "{4C8D8086-306D-4E13-84ED-44D8DF89732D}"
EndProject
Global
	GlobalSection(SolutionConfigurationPlatforms) = preSolution
		Debug|Any CPU = Debug|Any CPU
		Release|Any CPU = Release|Any CPU
	EndGlobalSection
	GlobalSection(ProjectConfigurationPlatforms) = postSolution
		{4C8D8086-306D-4E13-84ED-44D8DF89732D}.Debug|Any CPU.ActiveCfg = Debug|Any CPU
		{4C8D8086-306D-4E13-84ED-44D8DF89732D}.Debug|Any CPU.Build.0 = Debug|Any CPU
		{4C8D8086-306D-4E13-84ED-44D8DF89732D}.Release|Any CPU.ActiveCfg = Release|Any CPU
		{4C8D8086-306D-4E13-84ED-44D8DF89732D}.Release|Any CPU.Build.0 = Release|Any CPU
	EndGlobalSection
	GlobalSection(SolutionProperties) = preSolution
		HideSolutionNode = FALSE
	EndGlobalSection
	GlobalSection(ExtensibilityGlobals) = postSolution
		SolutionGuid = {525300B3-003D-4C8B-A1A6-04EB609F1B04}
	EndGlobalSection
EndGlobal
